<?xml version="1.0" encoding="utf-8"?>
<Project ToolsVersion="4.0" xmlns="http://schemas.microsoft.com/developer/msbuild/2003">
  <ItemGroup>
    <Filter Include="Source Files">
      <UniqueIdentifier>{4FC737F1-C7A5-4376-A066-2A32D752A2FF}</UniqueIdentifier>
      <Extensions>cpp;c;cc;cxx;def;odl;idl;hpj;bat;asm;asmx</Extensions>
    </Filter>
    <Filter Include="Header Files">
      <UniqueIdentifier>{93995380-89BD-4b04-88EB-625FBE52EBFB}</UniqueIdentifier>
      <Extensions>h;hpp;hxx;hm;inl;inc;xsd</Extensions>
    </Filter>
    <Filter Include="Resource Files">
      <UniqueIdentifier>{67DA6AB6-F800-4c08-8B7A-83BB121AAD01}</UniqueIdentifier>
      <Extensions>rc;ico;cur;bmp;dlg;rc2;rct;bin;rgs;gif;jpg;jpeg;jpe;resx;tiff;tif;png;wav</Extensions>
    </Filter>
    <Filter Include="NewFilter1">
      <UniqueIdentifier>{19e2827c-d4eb-4a77-be1d-6720d4283e09}</UniqueIdentifier>
    </Filter>
    <Filter Include="NewFilter2">
      <UniqueIdentifier>{ffa57a42-99eb-4af7-8ddb-a4cf3730025d}</UniqueIdentifier>
    </Filter>
  </ItemGroup>
  <ItemGroup>
    <ClCompile Include="APCGauge.cpp">
      <Filter>Source Files</Filter>
    </ClCompile>
    <ClCompile Include="DlgExhaustSetup.cpp">
      <Filter>Source Files</Filter>
    </ClCompile>
    <ClCompile Include="DlgInitVacTst.cpp">
      <Filter>Source Files</Filter>
    </ClCompile>
    <ClCompile Include="DlgSetIonGaugeMode.cpp">
      <Filter>Source Files</Filter>
    </ClCompile>
    <ClCompile Include="DlgSetSendChar.cpp">
      <Filter>Source Files</Filter>
    </ClCompile>
    <ClCompile Include="DlgVacBkPro.cpp">
      <Filter>Source Files</Filter>
    </ClCompile>
    <ClCompile Include="DlgVacCurveProperty.cpp">
      <Filter>Source Files</Filter>
    </ClCompile>
    <ClCompile Include="DlgVacErr.cpp">
      <Filter>Source Files</Filter>
    </ClCompile>
    <ClCompile Include="DlgVacExhaustEdit.cpp">
      <Filter>Source Files</Filter>
    </ClCompile>
    <ClCompile Include="DlgVacGaugeSetup.cpp">
      <Filter>Source Files</Filter>
    </ClCompile>
    <ClCompile Include="DomeRotateThread.cpp">
      <Filter>Source Files</Filter>
    </ClCompile>
    <ClCompile Include="DrawCrucibleThread.cpp">
      <Filter>Source Files</Filter>
    </ClCompile>
    <ClCompile Include="editex.cxx">
      <Filter>Source Files</Filter>
    </ClCompile>
    <ClCompile Include="GasController.cpp">
      <Filter>Source Files</Filter>
    </ClCompile>
    <ClCompile Include="IBGLCom.cpp">
      <Filter>Source Files</Filter>
    </ClCompile>
    <ClCompile Include="IonGauge.cpp">
      <Filter>Source Files</Filter>
    </ClCompile>
    <ClCompile Include="MainFrm.cpp">
      <Filter>Source Files</Filter>
    </ClCompile>
    <ClCompile Include="..\XMLMarkup\Markup.cpp">
      <Filter>Source Files</Filter>
    </ClCompile>
    <ClCompile Include="OACnfgDoc.cpp">
      <Filter>Source Files</Filter>
    </ClCompile>
    <ClCompile Include="OARotatorView.cpp">
      <Filter>Source Files</Filter>
    </ClCompile>
    <ClCompile Include="OASysInfoView.cpp">
      <Filter>Source Files</Filter>
    </ClCompile>
    <ClCompile Include="OAVacuumView.cpp">
      <Filter>Source Files</Filter>
    </ClCompile>
    <ClCompile Include="ODMCom.cpp">
      <Filter>Source Files</Filter>
    </ClCompile>
    <ClCompile Include="Optorun Assistant.cpp">
      <Filter>Source Files</Filter>
    </ClCompile>
    <ClCompile Include="Optorun AssistantDoc.cpp">
      <Filter>Source Files</Filter>
    </ClCompile>
    <ClCompile Include="PictureEx.cpp">
      <Filter>Source Files</Filter>
    </ClCompile>
    <ClCompile Include="PlcRdWrThread.cpp">
      <Filter>Source Files</Filter>
    </ClCompile>
    <ClCompile Include="RotatorThread.cpp">
      <Filter>Source Files</Filter>
    </ClCompile>
    <ClCompile Include="staticex.cxx">
      <Filter>Source Files</Filter>
    </ClCompile>
    <ClCompile Include="stdafx.cpp">
      <Filter>Source Files</Filter>
    </ClCompile>
    <ClCompile Include="..\SyncCommSource\SyncCom.cpp">
      <Filter>Source Files</Filter>
    </ClCompile>
    <ClCompile Include="..\SyncCommSource\SysmacPLC.cpp">
      <Filter>Source Files</Filter>
    </ClCompile>
    <ClCompile Include="VacuumProcessThread.cpp">
      <Filter>Source Files</Filter>
    </ClCompile>
    <ClCompile Include="Vcc500PropertyDlg.cpp">
      <Filter>Source Files</Filter>
    </ClCompile>
    <ClCompile Include="VGC500.cpp">
      <Filter>Source Files</Filter>
    </ClCompile>
    <ClCompile Include="ZYGraphData.cpp">
      <Filter>Source Files</Filter>
    </ClCompile>
    <ClCompile Include="ZYGraphPlot.cpp">
      <Filter>Source Files</Filter>
    </ClCompile>
    <ClCompile Include="ZzyWaitingThread.cpp">
      <Filter>Source Files</Filter>
    </ClCompile>
    <ClCompile Include="..\TabCtrlSource\CustomTabCtrl.cpp">
      <Filter>Header Files</Filter>
    </ClCompile>
    <ClCompile Include="..\TabCtrlSource\TabSDIFrameWnd .cpp">
      <Filter>Header Files</Filter>
    </ClCompile>
    <ClCompile Include="..\TabCtrlSource\ThemeUtil.cpp">
      <Filter>Header Files</Filter>
    </ClCompile>
  </ItemGroup>
  <ItemGroup>
    <ClInclude Include="APCGauge.h">
      <Filter>Header Files</Filter>
    </ClInclude>
    <ClInclude Include="..\TabCtrlSource\CustomTabCtrl.h">
      <Filter>Header Files</Filter>
    </ClInclude>
    <ClInclude Include="DlgExhaustSetup.h">
      <Filter>Header Files</Filter>
    </ClInclude>
    <ClInclude Include="DlgInitVacTst.h">
      <Filter>Header Files</Filter>
    </ClInclude>
    <ClInclude Include="DlgSetIonGaugeMode.h">
      <Filter>Header Files</Filter>
    </ClInclude>
    <ClInclude Include="DlgSetSendChar.h">
      <Filter>Header Files</Filter>
    </ClInclude>
    <ClInclude Include="DlgVacBkPro.h">
      <Filter>Header Files</Filter>
    </ClInclude>
    <ClInclude Include="DlgVacCurveProperty.h">
      <Filter>Header Files</Filter>
    </ClInclude>
    <ClInclude Include="DlgVacErr.h">
      <Filter>Header Files</Filter>
    </ClInclude>
    <ClInclude Include="DlgVacExhaustEdit.h">
      <Filter>Header Files</Filter>
    </ClInclude>
    <ClInclude Include="DlgVacGaugeSetup.h">
      <Filter>Header Files</Filter>
    </ClInclude>
    <ClInclude Include="DomeRotateThread.h">
      <Filter>Header Files</Filter>
    </ClInclude>
    <ClInclude Include="DrawCrucibleThread.h">
      <Filter>Header Files</Filter>
    </ClInclude>
    <ClInclude Include="editex.hxx">
      <Filter>Header Files</Filter>
    </ClInclude>
    <ClInclude Include="GasController.h">
      <Filter>Header Files</Filter>
    </ClInclude>
    <ClInclude Include="IBGLCom.h">
      <Filter>Header Files</Filter>
    </ClInclude>
    <ClInclude Include="IonGauge.h">
      <Filter>Header Files</Filter>
    </ClInclude>
    <ClInclude Include="logfont.hxx">
      <Filter>Header Files</Filter>
    </ClInclude>
    <ClInclude Include="MainFrm.h">
      <Filter>Header Files</Filter>
    </ClInclude>
    <ClInclude Include="..\XMLMarkup\Markup.h">
      <Filter>Header Files</Filter>
    </ClInclude>
    <ClInclude Include="OACnfgDoc.h">
      <Filter>Header Files</Filter>
    </ClInclude>
    <ClInclude Include="OARotatorView.h">
      <Filter>Header Files</Filter>
    </ClInclude>
    <ClInclude Include="OASysInfoView.h">
      <Filter>Header Files</Filter>
    </ClInclude>
    <ClInclude Include="OAVacuumView.h">
      <Filter>Header Files</Filter>
    </ClInclude>
    <ClInclude Include="ODMCom.h">
      <Filter>Header Files</Filter>
    </ClInclude>
    <ClInclude Include="Optorun Assistant.h">
      <Filter>Header Files</Filter>
    </ClInclude>
    <ClInclude Include="Optorun AssistantDoc.h">
      <Filter>Header Files</Filter>
    </ClInclude>
    <ClInclude Include="PictureEx.h">
      <Filter>Header Files</Filter>
    </ClInclude>
    <ClInclude Include="PlcRdWrThread.h">
      <Filter>Header Files</Filter>
    </ClInclude>
    <ClInclude Include="Resource.h">
      <Filter>Header Files</Filter>
    </ClInclude>
    <ClInclude Include="RotatorThread.h">
      <Filter>Header Files</Filter>
    </ClInclude>
    <ClInclude Include="staticex.hxx">
      <Filter>Header Files</Filter>
    </ClInclude>
    <ClInclude Include="stdafx.h">
      <Filter>Header Files</Filter>
    </ClInclude>
    <ClInclude Include="..\SyncCommSource\SyncCom.h">
      <Filter>Header Files</Filter>
    </ClInclude>
    <ClInclude Include="..\SyncCommSource\SysmacPLC.h">
      <Filter>Header Files</Filter>
    </ClInclude>
    <ClInclude Include="..\TabCtrlSource\TabSDIFrameWnd.h">
      <Filter>Header Files</Filter>
    </ClInclude>
    <ClInclude Include="VacuumProcessThread.h">
      <Filter>Header Files</Filter>
    </ClInclude>
    <ClInclude Include="Vcc500PropertyDlg.h">
      <Filter>Header Files</Filter>
    </ClInclude>
    <ClInclude Include="VGC500.h">
      <Filter>Header Files</Filter>
    </ClInclude>
    <ClInclude Include="ZYGraphData.h">
      <Filter>Header Files</Filter>
    </ClInclude>
    <ClInclude Include="ZYGraphPlot.h">
      <Filter>Header Files</Filter>
    </ClInclude>
    <ClInclude Include="ZzyWaitingThread.h">
      <Filter>Header Files</Filter>
    </ClInclude>
    <ClInclude Include="..\TabCtrlSource\ThemeUtil.h">
      <Filter>Header Files</Filter>
    </ClInclude>
  </ItemGroup>
  <ItemGroup>
    <None Include="res\cursor1.cur">
      <Filter>Resource Files</Filter>
    </None>
    <None Include="res\oa_file_.bin">
      <Filter>Resource Files</Filter>
    </None>
    <None Include="res\OptorunAssistant.rc2">
      <Filter>Resource Files</Filter>
    </None>
    <None Include="..\debug\language\OA_Chinese.lng" />
    <None Include="..\debug\language\OA_English.lng" />
    <None Include="..\debug\OptorunAssistant.ini" />
  </ItemGroup>
  <ItemGroup>
    <Image Include="res\icon1.ico">
      <Filter>Resource Files</Filter>
    </Image>
    <Image Include="res\LEDNumber.bmp">
      <Filter>Resource Files</Filter>
    </Image>
    <Image Include="res\Optorun Assistant.ico">
      <Filter>Resource Files</Filter>
    </Image>
    <Image Include="res\Optorun AssistantDoc.ico">
      <Filter>Resource Files</Filter>
    </Image>
    <Image Include="res\OptorunLog.gif">
      <Filter>Resource Files</Filter>
    </Image>
    <Image Include="res\Toolbar.bmp">
      <Filter>Resource Files</Filter>
    </Image>
  </ItemGroup>
  <ItemGroup>
    <ResourceCompile Include="Optorun Assistant.rc">
      <Filter>Resource Files</Filter>
    </ResourceCompile>
  </ItemGroup>
  <ItemGroup>
    <Text Include="ReadMe.txt" />
  </ItemGroup>
</Project>